
Microsoft Visual Studio Solution File, Format Version 12.00
# Visual Studio Version 17
VisualStudioVersion = 17.6.33801.468
MinimumVisualStudioVersion = 10.0.40219.1
Project("{FAE04EC0-301F-11D3-BF4B-00C04F79EFBC}") = "GoogleMapSDK.API", "GoogleMapSDK.API\GoogleMapSDK.API.csproj", "{8B98A11B-C376-48E0-968B-596393EC0217}"
EndProject
Project("{FAE04EC0-301F-11D3-BF4B-00C04F79EFBC}") = "GoogleMapSDK.Core", "GoogleMapSDK.Core\GoogleMapSDK.Core.csproj", "{8053D229-FAF5-44CE-95EE-653BF636183F}"
EndProject
Project("{FAE04EC0-301F-11D3-BF4B-00C04F79EFBC}") = "GoogleMapSDK.UI.Contract", "GoogleMapSDK.UI.Contract\GoogleMapSDK.UI.Contract.csproj", "{5129C142-EA26-4F00-A7C3-134C58D5C49A}"
EndProject
Project("{FAE04EC0-301F-11D3-BF4B-00C04F79EFBC}") = "GoogleMapSDK.UI.WinForm", "GoogleMapSDK.UI.WinForm\GoogleMapSDK.UI.WinForm.csproj", "{7D7679F9-2BDA-45FD-903D-5153DF71206C}"
EndProject
Project("{FAE04EC0-301F-11D3-BF4B-00C04F79EFBC}") = "GoogleMapSDK.UI.WPF", "GoogleMapSDK.UI.WPF\GoogleMapSDK.UI.WPF.csproj", "{0CA80FD3-CC07-47C8-BE32-5C3941C4ACFD}"
EndProject
Project("{FAE04EC0-301F-11D3-BF4B-00C04F79EFBC}") = "GoogleMapSDK.WinForm.Test", "GoogleMapSDK.WinForm.Test\GoogleMapSDK.WinForm.Test.csproj", "{BD8AF1D0-C485-4C6A-B770-833985615DBE}"
EndProject
Project("{FAE04EC0-301F-11D3-BF4B-00C04F79EFBC}") = "GoogleMapSDK.WPF.Test", "GoogleMapSDK.WPF.Test\GoogleMapSDK.WPF.Test.csproj", "{7E8E68EF-AB85-4B14-A6C5-0763107EB4B8}"
EndProject
Global
	GlobalSection(SolutionConfigurationPlatforms) = preSolution
		Debug|Any CPU = Debug|Any CPU
		Release|Any CPU = Release|Any CPU
	EndGlobalSection
	GlobalSection(ProjectConfigurationPlatforms) = postSolution
		{8B98A11B-C376-48E0-968B-596393EC0217}.Debug|Any CPU.ActiveCfg = Debug|Any CPU
		{8B98A11B-C376-48E0-968B-596393EC0217}.Debug|Any CPU.Build.0 = Debug|Any CPU
		{8B98A11B-C376-48E0-968B-596393EC0217}.Release|Any CPU.ActiveCfg = Release|Any CPU
		{8B98A11B-C376-48E0-968B-596393EC0217}.Release|Any CPU.Build.0 = Release|Any CPU
		{8053D229-FAF5-44CE-95EE-653BF636183F}.Debug|Any CPU.ActiveCfg = Debug|Any CPU
		{8053D229-FAF5-44CE-95EE-653BF636183F}.Debug|Any CPU.Build.0 = Debug|Any CPU
		{8053D229-FAF5-44CE-95EE-653BF636183F}.Release|Any CPU.ActiveCfg = Release|Any CPU
		{8053D229-FAF5-44CE-95EE-653BF636183F}.Release|Any CPU.Build.0 = Release|Any CPU
		{5129C142-EA26-4F00-A7C3-134C58D5C49A}.Debug|Any CPU.ActiveCfg = Debug|Any CPU
		{5129C142-EA26-4F00-A7C3-134C58D5C49A}.Debug|Any CPU.Build.0 = Debug|Any CPU
		{5129C142-EA26-4F00-A7C3-134C58D5C49A}.Release|Any CPU.ActiveCfg = Release|Any CPU
		{5129C142-EA26-4F00-A7C3-134C58D5C49A}.Release|Any CPU.Build.0 = Release|Any CPU
		{7D7679F9-2BDA-45FD-903D-5153DF71206C}.Debug|Any CPU.ActiveCfg = Debug|Any CPU
		{7D7679F9-2BDA-45FD-903D-5153DF71206C}.Debug|Any CPU.Build.0 = Debug|Any CPU
		{7D7679F9-2BDA-45FD-903D-5153DF71206C}.Release|Any CPU.ActiveCfg = Release|Any CPU
		{7D7679F9-2BDA-45FD-903D-5153DF71206C}.Release|Any CPU.Build.0 = Release|Any CPU
		{0CA80FD3-CC07-47C8-BE32-5C3941C4ACFD}.Debug|Any CPU.ActiveCfg = Debug|Any CPU
		{0CA80FD3-CC07-47C8-BE32-5C3941C4ACFD}.Debug|Any CPU.Build.0 = Debug|Any CPU
		{0CA80FD3-CC07-47C8-BE32-5C3941C4ACFD}.Release|Any CPU.ActiveCfg = Release|Any CPU
		{0CA80FD3-CC07-47C8-BE32-5C3941C4ACFD}.Release|Any CPU.Build.0 = Release|Any CPU
		{BD8AF1D0-C485-4C6A-B770-833985615DBE}.Debug|Any CPU.ActiveCfg = Debug|Any CPU
		{BD8AF1D0-C485-4C6A-B770-833985615DBE}.Debug|Any CPU.Build.0 = Debug|Any CPU
		{BD8AF1D0-C485-4C6A-B770-833985615DBE}.Release|Any CPU.ActiveCfg = Release|Any CPU
		{BD8AF1D0-C485-4C6A-B770-833985615DBE}.Release|Any CPU.Build.0 = Release|Any CPU
		{7E8E68EF-AB85-4B14-A6C5-0763107EB4B8}.Debug|Any CPU.ActiveCfg = Debug|Any CPU
		{7E8E68EF-AB85-4B14-A6C5-0763107EB4B8}.Debug|Any CPU.Build.0 = Debug|Any CPU
		{7E8E68EF-AB85-4B14-A6C5-0763107EB4B8}.Release|Any CPU.ActiveCfg = Release|Any CPU
		{7E8E68EF-AB85-4B14-A6C5-0763107EB4B8}.Release|Any CPU.Build.0 = Release|Any CPU
	EndGlobalSection
	GlobalSection(SolutionProperties) = preSolution
		HideSolutionNode = FALSE
	EndGlobalSection
	GlobalSection(ExtensibilityGlobals) = postSolution
		SolutionGuid = {606702CA-0CFA-462C-9BFA-CD6E2BA4233E}
	EndGlobalSection
EndGlobal
